{
  "name": "@prathamchauhan/write.it",
  "version": "1.0.4",
  "lockfileVersion": 3,
  "requires": true,
  "packages": {
    "": {
      "name": "@prathamchauhan/write.it",
      "version": "1.0.4",
      "license": "ISC",
      "dependencies": {
        "@prathamchauhan/write.it": "^1.0.2",
        "zod": "^3.22.4"
      }
    },
    "node_modules/@prathamchauhan/write.it": {
      "version": "1.0.2",
      "resolved": "https://registry.npmjs.org/@prathamchauhan/write.it/-/write.it-1.0.2.tgz",
      "integrity": "sha512-ODDucMSAHez/D+XMU3YC05hxUoZVBrwi3LWky7nzscinIUcJ3AsxGNz9sTWtrd8WsRd1R3dlhw8KWJ8vOJ6kUQ==",
      "dependencies": {
        "@prathamchauhan/write.it": "^1.0.1",
        "zod": "^3.22.4"
      }
    },
    "node_modules/zod": {
      "version": "3.22.4",
      "resolved": "https://registry.npmjs.org/zod/-/zod-3.22.4.tgz",
      "integrity": "sha512-iC+8Io04lddc+mVqQ9AZ7OQ2MrUKGN+oIQyq1vemgt46jwCwLfhq7/pwnBnNXXXZb8VTVLKwp9EDkx+ryxIWmg==",
      "funding": {
        "url": "https://github.com/sponsors/colinhacks"
      }
    }
  }
}
